{
  "requires": true,
  "lockfileVersion": 1,
  "dependencies": {
    "array.prototype.find": {
      "version": "1.0.0",
      "resolved": "https://registry.npmjs.org/array.prototype.find/-/array.prototype.find-1.0.0.tgz",
      "integrity": "sha1-UtgXaOscVpJXfuKdlspgPcdus6Y="
    },
    "bmi-calc": {
      "version": "2.0.0",
      "resolved": "https://registry.npmjs.org/bmi-calc/-/bmi-calc-2.0.0.tgz",
      "integrity": "sha1-jpSac9t50HzWMDC9pstEkkIG6v4=",
      "requires": {
        "array.prototype.find": "1.0.0",
        "minimist": "1.2.0"
      }
    },
    "minimist": {
      "version": "1.2.0",
      "resolved": "https://registry.npmjs.org/minimist/-/minimist-1.2.0.tgz",
      "integrity": "sha1-o1AIsg9BOD7sH7kU9M1d95omQoQ="
    },
    "requirejs": {
      "version": "2.3.5",
      "resolved": "https://registry.npmjs.org/requirejs/-/requirejs-2.3.5.tgz",
      "integrity": "sha512-svnO+aNcR/an9Dpi44C7KSAy5fFGLtmPbaaCeQaklUz8BQhS64tWWIIlvEA5jrWICzlO/X9KSzSeXFnZdBu8nw=="
    }
  }
}
